// !$*UTF8*$!
{
	archiveVersion = 1;
	classes = {
	};
	objectVersion = 55;
	objects = {

/* Begin PBXBuildFile section */
		13A2D2038BB7384976BAE8F8 /* Pods_AnimationLesson.framework in Frameworks */ = {isa = PBXBuildFile; fileRef = A315F5128EFF5B318083842F /* Pods_AnimationLesson.framework */; };
		C48A46CE280AECE6004977F2 /* AppDelegate.swift in Sources */ = {isa = PBXBuildFile; fileRef = C48A46CD280AECE6004977F2 /* AppDelegate.swift */; };
		C48A46D0280AECE6004977F2 /* SceneDelegate.swift in Sources */ = {isa = PBXBuildFile; fileRef = C48A46CF280AECE6004977F2 /* SceneDelegate.swift */; };
		C48A46D2280AECE6004977F2 /* ViewController.swift in Sources */ = {isa = PBXBuildFile; fileRef = C48A46D1280AECE6004977F2 /* ViewController.swift */; };
		C48A46D5280AECE6004977F2 /* Main.storyboard in Resources */ = {isa = PBXBuildFile; fileRef = C48A46D3280AECE6004977F2 /* Main.storyboard */; };
		C48A46D7280AECE8004977F2 /* Assets.xcassets in Resources */ = {isa = PBXBuildFile; fileRef = C48A46D6280AECE8004977F2 /* Assets.xcassets */; };
		C48A46DA280AECE8004977F2 /* LaunchScreen.storyboard in Resources */ = {isa = PBXBuildFile; fileRef = C48A46D8280AECE8004977F2 /* LaunchScreen.storyboard */; };
		C48A46E7280AEDC3004977F2 /* Model.swift in Sources */ = {isa = PBXBuildFile; fileRef = C48A46E6280AEDC3004977F2 /* Model.swift */; };
/* End PBXBuildFile section */

/* Begin PBXFileReference section */
		37A266F8F8BDFD17F1792D33 /* Pods-AnimationLesson.release.xcconfig */ = {isa = PBXFileReference; includeInIndex = 1; lastKnownFileType = text.xcconfig; name = "Pods-AnimationLesson.release.xcconfig"; path = "Target Support Files/Pods-AnimationLesson/Pods-AnimationLesson.release.xcconfig"; sourceTree = "<group>"; };
		642497647C44A534A9A4CC81 /* Pods-AnimationLesson.debug.xcconfig */ = {isa = PBXFileReference; includeInIndex = 1; lastKnownFileType = text.xcconfig; name = "Pods-AnimationLesson.debug.xcconfig"; path = "Target Support Files/Pods-AnimationLesson/Pods-AnimationLesson.debug.xcconfig"; sourceTree = "<group>"; };
		A315F5128EFF5B318083842F /* Pods_AnimationLesson.framework */ = {isa = PBXFileReference; explicitFileType = wrapper.framework; includeInIndex = 0; path = Pods_AnimationLesson.framework; sourceTree = BUILT_PRODUCTS_DIR; };
		C48A46CA280AECE6004977F2 /* AnimationLesson.app */ = {isa = PBXFileReference; explicitFileType = wrapper.application; includeInIndex = 0; path = AnimationLesson.app; sourceTree = BUILT_PRODUCTS_DIR; };
		C48A46CD280AECE6004977F2 /* AppDelegate.swift */ = {isa = PBXFileReference; lastKnownFileType = sourcecode.swift; path = AppDelegate.swift; sourceTree = "<group>"; };
		C48A46CF280AECE6004977F2 /* SceneDelegate.swift */ = {isa = PBXFileReference; lastKnownFileType = sourcecode.swift; path = SceneDelegate.swift; sourceTree = "<group>"; };
		C48A46D1280AECE6004977F2 /* ViewController.swift */ = {isa = PBXFileReference; lastKnownFileType = sourcecode.swift; path = ViewController.swift; sourceTree = "<group>"; };
		C48A46D4280AECE6004977F2 /* Base */ = {isa = PBXFileReference; lastKnownFileType = file.storyboard; name = Base; path = Base.lproj/Main.storyboard; sourceTree = "<group>"; };
		C48A46D6280AECE8004977F2 /* Assets.xcassets */ = {isa = PBXFileReference; lastKnownFileType = folder.assetcatalog; path = Assets.xcassets; sourceTree = "<group>"; };
		C48A46D9280AECE8004977F2 /* Base */ = {isa = PBXFileReference; lastKnownFileType = file.storyboard; name = Base; path = Base.lproj/LaunchScreen.storyboard; sourceTree = "<group>"; };
		C48A46DB280AECE8004977F2 /* Info.plist */ = {isa = PBXFileReference; lastKnownFileType = text.plist.xml; path = Info.plist; sourceTree = "<group>"; };
		C48A46E6280AEDC3004977F2 /* Model.swift */ = {isa = PBXFileReference; lastKnownFileType = sourcecode.swift; path = Model.swift; sourceTree = "<group>"; };
/* End PBXFileReference section */

/* Begin PBXFrameworksBuildPhase section */
		C48A46C7280AECE6004977F2 /* Frameworks */ = {
			isa = PBXFrameworksBuildPhase;
			buildActionMask = 2147483647;
			files = (
				13A2D2038BB7384976BAE8F8 /* Pods_AnimationLesson.framework in Frameworks */,
			);
			runOnlyForDeploymentPostprocessing = 0;
		};
/* End PBXFrameworksBuildPhase section */

/* Begin PBXGroup section */
		7EA9A1128DC40333CB8C6193 /* Frameworks */ = {
			isa = PBXGroup;
			children = (
				A315F5128EFF5B318083842F /* Pods_AnimationLesson.framework */,
			);
			name = Frameworks;
			sourceTree = "<group>";
		};
		C48A46C1280AECE6004977F2 = {
			isa = PBXGroup;
			children = (
				C48A46CC280AECE6004977F2 /* AnimationLesson */,
				C48A46CB280AECE6004977F2 /* Products */,
				EFA33ADAA3AA0E9CB687C745 /* Pods */,
				7EA9A1128DC40333CB8C6193 /* Frameworks */,
			);
			sourceTree = "<group>";
		};
		C48A46CB280AECE6004977F2 /* Products */ = {
			isa = PBXGroup;
			children = (
				C48A46CA280AECE6004977F2 /* AnimationLesson.app */,
			);
			name = Products;
			sourceTree = "<group>";
		};
		C48A46CC280AECE6004977F2 /* AnimationLesson */ = {
			isa = PBXGroup;
			children = (
				C48A46E5280AEDAA004977F2 /* Models */,
				C48A46E4280AED8D004977F2 /* Resources */,
				C48A46E3280AED66004977F2 /* Storyboards */,
				C48A46E2280AED43004977F2 /* ViewControllers */,
				C48A46E1280AECF7004977F2 /* App */,
			);
			path = AnimationLesson;
			sourceTree = "<group>";
		};
		C48A46E1280AECF7004977F2 /* App */ = {
			isa = PBXGroup;
			children = (
				C48A46CF280AECE6004977F2 /* SceneDelegate.swift */,
				C48A46CD280AECE6004977F2 /* AppDelegate.swift */,
				C48A46DB280AECE8004977F2 /* Info.plist */,
			);
			path = App;
			sourceTree = "<group>";
		};
		C48A46E2280AED43004977F2 /* ViewControllers */ = {
			isa = PBXGroup;
			children = (
				C48A46D1280AECE6004977F2 /* ViewController.swift */,
			);
			path = ViewControllers;
			sourceTree = "<group>";
		};
		C48A46E3280AED66004977F2 /* Storyboards */ = {
			isa = PBXGroup;
			children = (
				C48A46D8280AECE8004977F2 /* LaunchScreen.storyboard */,
				C48A46D3280AECE6004977F2 /* Main.storyboard */,
			);
			path = Storyboards;
			sourceTree = "<group>";
		};
		C48A46E4280AED8D004977F2 /* Resources */ = {
			isa = PBXGroup;
			children = (
				C48A46D6280AECE8004977F2 /* Assets.xcassets */,
			);
			path = Resources;
			sourceTree = "<group>";
		};
		C48A46E5280AEDAA004977F2 /* Models */ = {
			isa = PBXGroup;
			children = (
				C48A46E6280AEDC3004977F2 /* Model.swift */,
			);
			path = Models;
			sourceTree = "<group>";
		};
		EFA33ADAA3AA0E9CB687C745 /* Pods */ = {
			isa = PBXGroup;
			children = (
				642497647C44A534A9A4CC81 /* Pods-AnimationLesson.debug.xcconfig */,
				37A266F8F8BDFD17F1792D33 /* Pods-AnimationLesson.release.xcconfig */,
			);
			name = Pods;
			path = Pods;
			sourceTree = "<group>";
		};
/* End PBXGroup section */

/* Begin PBXNativeTarget section */
		C48A46C9280AECE6004977F2 /* AnimationLesson */ = {
			isa = PBXNativeTarget;
			buildConfigurationList = C48A46DE280AECE8004977F2 /* Build configuration list for PBXNativeTarget "AnimationLesson" */;
			buildPhases = (
				5C3C362F4AA96F5DD46A48D7 /* [CP] Check Pods Manifest.lock */,
				C48A46C6280AECE6004977F2 /* Sources */,
				C48A46C7280AECE6004977F2 /* Frameworks */,
				C48A46C8280AECE6004977F2 /* Resources */,
				C2816F2CB036454679EC6862 /* [CP] Embed Pods Frameworks */,
			);
			buildRules = (
			);
			dependencies = (
			);
			name = AnimationLesson;
			productName = AnimationLesson;
			productReference = C48A46CA280AECE6004977F2 /* AnimationLesson.app */;
			productType = "com.apple.product-type.application";
		};
/* End PBXNativeTarget section */

/* Begin PBXProject section */
		C48A46C2280AECE6004977F2 /* Project object */ = {
			isa = PBXProject;
			attributes = {
				BuildIndependentTargetsInParallel = 1;
				LastSwiftUpdateCheck = 1330;
				LastUpgradeCheck = 1330;
				TargetAttributes = {
					C48A46C9280AECE6004977F2 = {
						CreatedOnToolsVersion = 13.3;
					};
				};
			};
			buildConfigurationList = C48A46C5280AECE6004977F2 /* Build configuration list for PBXProject "AnimationLesson" */;
			compatibilityVersion = "Xcode 13.0";
			developmentRegion = en;
			hasScannedForEncodings = 0;
			knownRegions = (
				en,
				Base,
			);
			mainGroup = C48A46C1280AECE6004977F2;
			productRefGroup = C48A46CB280AECE6004977F2 /* Products */;
			projectDirPath = "";
			projectRoot = "";
			targets = (
				C48A46C9280AECE6004977F2 /* AnimationLesson */,
			);
		};
/* End PBXProject section */

/* Begin PBXResourcesBuildPhase section */
		C48A46C8280AECE6004977F2 /* Resources */ = {
			isa = PBXResourcesBuildPhase;
			buildActionMask = 2147483647;
			files = (
				C48A46DA280AECE8004977F2 /* LaunchScreen.storyboard in Resources */,
				C48A46D7280AECE8004977F2 /* Assets.xcassets in Resources */,
				C48A46D5280AECE6004977F2 /* Main.storyboard in Resources */,
			);
			runOnlyForDeploymentPostprocessing = 0;
		};
/* End PBXResourcesBuildPhase section */

/* Begin PBXShellScriptBuildPhase section */
		5C3C362F4AA96F5DD46A48D7 /* [CP] Check Pods Manifest.lock */ = {
			isa = PBXShellScriptBuildPhase;
			buildActionMask = 2147483647;
			files = (
			);
			inputFileListPaths = (
			);
			inputPaths = (
				"${PODS_PODFILE_DIR_PATH}/Podfile.lock",
				"${PODS_ROOT}/Manifest.lock",
			);
			name = "[CP] Check Pods Manifest.lock";
			outputFileListPaths = (
			);
			outputPaths = (
				"$(DERIVED_FILE_DIR)/Pods-AnimationLesson-checkManifestLockResult.txt",
			);
			runOnlyForDeploymentPostprocessing = 0;
			shellPath = /bin/sh;
			shellScript = "diff \"${PODS_PODFILE_DIR_PATH}/Podfile.lock\" \"${PODS_ROOT}/Manifest.lock\" > /dev/null\nif [ $? != 0 ] ; then\n    # print error to STDERR\n    echo \"error: The sandbox is not in sync with the Podfile.lock. Run 'pod install' or update your CocoaPods installation.\" >&2\n    exit 1\nfi\n# This output is used by Xcode 'outputs' to avoid re-running this script phase.\necho \"SUCCESS\" > \"${SCRIPT_OUTPUT_FILE_0}\"\n";
			showEnvVarsInLog = 0;
		};
		C2816F2CB036454679EC6862 /* [CP] Embed Pods Frameworks */ = {
			isa = PBXShellScriptBuildPhase;
			buildActionMask = 2147483647;
			files = (
			);
			inputFileListPaths = (
				"${PODS_ROOT}/Target Support Files/Pods-AnimationLesson/Pods-AnimationLesson-frameworks-${CONFIGURATION}-input-files.xcfilelist",
			);
			name = "[CP] Embed Pods Frameworks";
			outputFileListPaths = (
				"${PODS_ROOT}/Target Support Files/Pods-AnimationLesson/Pods-AnimationLesson-frameworks-${CONFIGURATION}-output-files.xcfilelist",
			);
			runOnlyForDeploymentPostprocessing = 0;
			shellPath = /bin/sh;
			shellScript = "\"${PODS_ROOT}/Target Support Files/Pods-AnimationLesson/Pods-AnimationLesson-frameworks.sh\"\n";
			showEnvVarsInLog = 0;
		};
/* End PBXShellScriptBuildPhase section */

/* Begin PBXSourcesBuildPhase section */
		C48A46C6280AECE6004977F2 /* Sources */ = {
			isa = PBXSourcesBuildPhase;
			buildActionMask = 2147483647;
			files = (
				C48A46D2280AECE6004977F2 /* ViewController.swift in Sources */,
				C48A46CE280AECE6004977F2 /* AppDelegate.swift in Sources */,
				C48A46D0280AECE6004977F2 /* SceneDelegate.swift in Sources */,
				C48A46E7280AEDC3004977F2 /* Model.swift in Sources */,
			);
			runOnlyForDeploymentPostprocessing = 0;
		};
/* End PBXSourcesBuildPhase section */

/* Begin PBXVariantGroup section */
		C48A46D3280AECE6004977F2 /* Main.storyboard */ = {
			isa = PBXVariantGroup;
			children = (
				C48A46D4280AECE6004977F2 /* Base */,
			);
			name = Main.storyboard;
			sourceTree = "<group>";
		};
		C48A46D8280AECE8004977F2 /* LaunchScreen.storyboard */ = {
			isa = PBXVariantGroup;
			children = (
				C48A46D9280AECE8004977F2 /* Base */,
			);
			name = LaunchScreen.storyboard;
			sourceTree = "<group>";
		};
/* End PBXVariantGroup section */

/* Begin XCBuildConfiguration section */
		C48A46DC280AECE8004977F2 /* Debug */ = {
			isa = XCBuildConfiguration;
			buildSettings = {
				ALWAYS_SEARCH_USER_PATHS = NO;
				CLANG_ANALYZER_NONNULL = YES;
				CLANG_ANALYZER_NUMBER_OBJECT_CONVERSION = YES_AGGRESSIVE;
				CLANG_CXX_LANGUAGE_STANDARD = "gnu++17";
				CLANG_ENABLE_MODULES = YES;
				CLANG_ENABLE_OBJC_ARC = YES;
				CLANG_ENABLE_OBJC_WEAK = YES;
				CLANG_WARN_BLOCK_CAPTURE_AUTORELEASING = YES;
				CLANG_WARN_BOOL_CONVERSION = YES;
				CLANG_WARN_COMMA = YES;
				CLANG_WARN_CONSTANT_CONVERSION = YES;
				CLANG_WARN_DEPRECATED_OBJC_IMPLEMENTATIONS = YES;
				CLANG_WARN_DIRECT_OBJC_ISA_USAGE = YES_ERROR;
				CLANG_WARN_DOCUMENTATION_COMMENTS = YES;
				CLANG_WARN_EMPTY_BODY = YES;
				CLANG_WARN_ENUM_CONVERSION = YES;
				CLANG_WARN_INFINITE_RECURSION = YES;
				CLANG_WARN_INT_CONVERSION = YES;
				CLANG_WARN_NON_LITERAL_NULL_CONVERSION = YES;
				CLANG_WARN_OBJC_IMPLICIT_RETAIN_SELF = YES;
				CLANG_WARN_OBJC_LITERAL_CONVERSION = YES;
				CLANG_WARN_OBJC_ROOT_CLASS = YES_ERROR;
				CLANG_WARN_QUOTED_INCLUDE_IN_FRAMEWORK_HEADER = YES;
				CLANG_WARN_RANGE_LOOP_ANALYSIS = YES;
				CLANG_WARN_STRICT_PROTOTYPES = YES;
				CLANG_WARN_SUSPICIOUS_MOVE = YES;
				CLANG_WARN_UNGUARDED_AVAILABILITY = YES_AGGRESSIVE;
				CLANG_WARN_UNREACHABLE_CODE = YES;
				CLANG_WARN__DUPLICATE_METHOD_MATCH = YES;
				COPY_PHASE_STRIP = NO;
				DEBUG_INFORMATION_FORMAT = dwarf;
				ENABLE_STRICT_OBJC_MSGSEND = YES;
				ENABLE_TESTABILITY = YES;
				GCC_C_LANGUAGE_STANDARD = gnu11;
				GCC_DYNAMIC_NO_PIC = NO;
				GCC_NO_COMMON_BLOCKS = YES;
				GCC_OPTIMIZATION_LEVEL = 0;
				GCC_PREPROCESSOR_DEFINITIONS = (
					"DEBUG=1",
					"$(inherited)",
				);
				GCC_WARN_64_TO_32_BIT_CONVERSION = YES;
				GCC_WARN_ABOUT_RETURN_TYPE = YES_ERROR;
				GCC_WARN_UNDECLARED_SELECTOR = YES;
				GCC_WARN_UNINITIALIZED_AUTOS = YES_AGGRESSIVE;
				GCC_WARN_UNUSED_FUNCTION = YES;
				GCC_WARN_UNUSED_VARIABLE = YES;
				IPHONEOS_DEPLOYMENT_TARGET = 15.4;
				MTL_ENABLE_DEBUG_INFO = INCLUDE_SOURCE;
				MTL_FAST_MATH = YES;
				ONLY_ACTIVE_ARCH = YES;
				SDKROOT = iphoneos;
				SWIFT_ACTIVE_COMPILATION_CONDITIONS = DEBUG;
				SWIFT_OPTIMIZATION_LEVEL = "-Onone";
			};
			name = Debug;
		};
		C48A46DD280AECE8004977F2 /* Release */ = {
			isa = XCBuildConfiguration;
			buildSettings = {
				ALWAYS_SEARCH_USER_PATHS = NO;
				CLANG_ANALYZER_NONNULL = YES;
				CLANG_ANALYZER_NUMBER_OBJECT_CONVERSION = YES_AGGRESSIVE;
				CLANG_CXX_LANGUAGE_STANDARD = "gnu++17";
				CLANG_ENABLE_MODULES = YES;
				CLANG_ENABLE_OBJC_ARC = YES;
				CLANG_ENABLE_OBJC_WEAK = YES;
				CLANG_WARN_BLOCK_CAPTURE_AUTORELEASING = YES;
				CLANG_WARN_BOOL_CONVERSION = YES;
				CLANG_WARN_COMMA = YES;
				CLANG_WARN_CONSTANT_CONVERSION = YES;
				CLANG_WARN_DEPRECATED_OBJC_IMPLEMENTATIONS = YES;
				CLANG_WARN_DIRECT_OBJC_ISA_USAGE = YES_ERROR;
				CLANG_WARN_DOCUMENTATION_COMMENTS = YES;
				CLANG_WARN_EMPTY_BODY = YES;
				CLANG_WARN_ENUM_CONVERSION = YES;
				CLANG_WARN_INFINITE_RECURSION = YES;
				CLANG_WARN_INT_CONVERSION = YES;
				CLANG_WARN_NON_LITERAL_NULL_CONVERSION = YES;
				CLANG_WARN_OBJC_IMPLICIT_RETAIN_SELF = YES;
				CLANG_WARN_OBJC_LITERAL_CONVERSION = YES;
				CLANG_WARN_OBJC_ROOT_CLASS = YES_ERROR;
				CLANG_WARN_QUOTED_INCLUDE_IN_FRAMEWORK_HEADER = YES;
				CLANG_WARN_RANGE_LOOP_ANALYSIS = YES;
				CLANG_WARN_STRICT_PROTOTYPES = YES;
				CLANG_WARN_SUSPICIOUS_MOVE = YES;
				CLANG_WARN_UNGUARDED_AVAILABILITY = YES_AGGRESSIVE;
				CLANG_WARN_UNREACHABLE_CODE = YES;
				CLANG_WARN__DUPLICATE_METHOD_MATCH = YES;
				COPY_PHASE_STRIP = NO;
				DEBUG_INFORMATION_FORMAT = "dwarf-with-dsym";
				ENABLE_NS_ASSERTIONS = NO;
				ENABLE_STRICT_OBJC_MSGSEND = YES;
				GCC_C_LANGUAGE_STANDARD = gnu11;
				GCC_NO_COMMON_BLOCKS = YES;
				GCC_WARN_64_TO_32_BIT_CONVERSION = YES;
				GCC_WARN_ABOUT_RETURN_TYPE = YES_ERROR;
				GCC_WARN_UNDECLARED_SELECTOR = YES;
				GCC_WARN_UNINITIALIZED_AUTOS = YES_AGGRESSIVE;
				GCC_WARN_UNUSED_FUNCTION = YES;
				GCC_WARN_UNUSED_VARIABLE = YES;
				IPHONEOS_DEPLOYMENT_TARGET = 15.4;
				MTL_ENABLE_DEBUG_INFO = NO;
				MTL_FAST_MATH = YES;
				SDKROOT = iphoneos;
				SWIFT_COMPILATION_MODE = wholemodule;
				SWIFT_OPTIMIZATION_LEVEL = "-O";
				VALIDATE_PRODUCT = YES;
			};
			name = Release;
		};
		C48A46DF280AECE8004977F2 /* Debug */ = {
			isa = XCBuildConfiguration;
			baseConfigurationReference = 642497647C44A534A9A4CC81 /* Pods-AnimationLesson.debug.xcconfig */;
			buildSettings = {
				ASSETCATALOG_COMPILER_APPICON_NAME = AppIcon;
				ASSETCATALOG_COMPILER_GLOBAL_ACCENT_COLOR_NAME = AccentColor;
				CODE_SIGN_STYLE = Automatic;
				CURRENT_PROJECT_VERSION = 1;
				DEVELOPMENT_TEAM = HXD5CYVJM9;
				GENERATE_INFOPLIST_FILE = YES;
				INFOPLIST_FILE = AnimationLesson/App/Info.plist;
				INFOPLIST_KEY_UIApplicationSupportsIndirectInputEvents = YES;
				INFOPLIST_KEY_UILaunchStoryboardName = LaunchScreen;
				INFOPLIST_KEY_UIMainStoryboardFile = Main;
				INFOPLIST_KEY_UISupportedInterfaceOrientations_iPad = "UIInterfaceOrientationPortrait UIInterfaceOrientationPortraitUpsideDown UIInterfaceOrientationLandscapeLeft UIInterfaceOrientationLandscapeRight";
				INFOPLIST_KEY_UISupportedInterfaceOrientations_iPhone = "UIInterfaceOrientationPortrait UIInterfaceOrientationLandscapeLeft UIInterfaceOrientationLandscapeRight";
				LD_RUNPATH_SEARCH_PATHS = (
					"$(inherited)",
					"@executable_path/Frameworks",
				);
				MARKETING_VERSION = 1.0;
				PRODUCT_BUNDLE_IDENTIFIER = kolesnikov.AnimationLesson;
				PRODUCT_NAME = "$(TARGET_NAME)";
				SWIFT_EMIT_LOC_STRINGS = YES;
				SWIFT_VERSION = 5.0;
				TARGETED_DEVICE_FAMILY = "1,2";
			};
			name = Debug;
		};
		C48A46E0280AECE8004977F2 /* Release */ = {
			isa = XCBuildConfiguration;
			baseConfigurationReference = 37A266F8F8BDFD17F1792D33 /* Pods-AnimationLesson.release.xcconfig */;
			buildSettings = {
				ASSETCATALOG_COMPILER_APPICON_NAME = AppIcon;
				ASSETCATALOG_COMPILER_GLOBAL_ACCENT_COLOR_NAME = AccentColor;
				CODE_SIGN_STYLE = Automatic;
				CURRENT_PROJECT_VERSION = 1;
				DEVELOPMENT_TEAM = HXD5CYVJM9;
				GENERATE_INFOPLIST_FILE = YES;
				INFOPLIST_FILE = AnimationLesson/App/Info.plist;
				INFOPLIST_KEY_UIApplicationSupportsIndirectInputEvents = YES;
				INFOPLIST_KEY_UILaunchStoryboardName = LaunchScreen;
				INFOPLIST_KEY_UIMainStoryboardFile = Main;
				INFOPLIST_KEY_UISupportedInterfaceOrientations_iPad = "UIInterfaceOrientationPortrait UIInterfaceOrientationPortraitUpsideDown UIInterfaceOrientationLandscapeLeft UIInterfaceOrientationLandscapeRight";
				INFOPLIST_KEY_UISupportedInterfaceOrientations_iPhone = "UIInterfaceOrientationPortrait UIInterfaceOrientationLandscapeLeft UIInterfaceOrientationLandscapeRight";
				LD_RUNPATH_SEARCH_PATHS = (
					"$(inherited)",
					"@executable_path/Frameworks",
				);
				MARKETING_VERSION = 1.0;
				PRODUCT_BUNDLE_IDENTIFIER = kolesnikov.AnimationLesson;
				PRODUCT_NAME = "$(TARGET_NAME)";
				SWIFT_EMIT_LOC_STRINGS = YES;
				SWIFT_VERSION = 5.0;
				TARGETED_DEVICE_FAMILY = "1,2";
			};
			name = Release;
		};
/* End XCBuildConfiguration section */

/* Begin XCConfigurationList section */
		C48A46C5280AECE6004977F2 /* Build configuration list for PBXProject "AnimationLesson" */ = {
			isa = XCConfigurationList;
			buildConfigurations = (
				C48A46DC280AECE8004977F2 /* Debug */,
				C48A46DD280AECE8004977F2 /* Release */,
			);
			defaultConfigurationIsVisible = 0;
			defaultConfigurationName = Release;
		};
		C48A46DE280AECE8004977F2 /* Build configuration list for PBXNativeTarget "AnimationLesson" */ = {
			isa = XCConfigurationList;
			buildConfigurations = (
				C48A46DF280AECE8004977F2 /* Debug */,
				C48A46E0280AECE8004977F2 /* Release */,
			);
			defaultConfigurationIsVisible = 0;
			defaultConfigurationName = Release;
		};
/* End XCConfigurationList section */
	};
	rootObject = C48A46C2280AECE6004977F2 /* Project object */;
}
